Microsoft Visual Studio Solution File, Format Version 12.00
# Visual Studio Version 17
VisualStudioVersion = 18.9.12120.119
MinimumVisualStudioVersion = 17.0.31903.59
Project("{FAE04EC0-301F-11D3-BF4B-00C04F79EFBC}") = "VisualBoost.Core", "src\VisualBoost.Core\VisualBoost.Core.csproj", "{E415C0D7-DB75-4E76-9B03-1D9A4B47D287}"
EndProject
Project("{FAE04EC0-301F-11D3-BF4B-00C04F79EFBC}") = "VisualBoost.Package", "src\VisualBoost.Package\VisualBoost.Package.csproj", "{7BB7D233-E91A-41B9-B983-A98753D19CC7}"
EndProject
Project("{FAE04EC0-301F-11D3-BF4B-00C04F79EFBC}") = "VisualBoost.Core.Tests", "tests\VisualBoost.Core.Tests\VisualBoost.Core.Tests.csproj", "{6F8F06CA-6903-429E-B1E4-DF62F8327A4D}"
EndProject
Project("{FAE04EC0-301F-11D3-BF4B-00C04F79EFBC}") = "VisualBoost.PerformanceTests", "tests\VisualBoost.PerformanceTests\VisualBoost.PerformanceTests.csproj", "{F5C8AF8D-84D0-4EA3-90E0-563E24788486}"
EndProject
Global
	GlobalSection(SolutionConfigurationPlatforms) = preSolution
		Debug|Any CPU = Debug|Any CPU
		Release|Any CPU = Release|Any CPU
	EndGlobalSection
	GlobalSection(ProjectConfigurationPlatforms) = postSolution
		{E415C0D7-DB75-4E76-9B03-1D9A4B47D287}.Debug|Any CPU.ActiveCfg = Debug|Any CPU
		{E415C0D7-DB75-4E76-9B03-1D9A4B47D287}.Debug|Any CPU.Build.0 = Debug|Any CPU
		{E415C0D7-DB75-4E76-9B03-1D9A4B47D287}.Release|Any CPU.ActiveCfg = Release|Any CPU
		{E415C0D7-DB75-4E76-9B03-1D9A4B47D287}.Release|Any CPU.Build.0 = Release|Any CPU
		{7BB7D233-E91A-41B9-B983-A98753D19CC7}.Debug|Any CPU.ActiveCfg = Debug|Any CPU
		{7BB7D233-E91A-41B9-B983-A98753D19CC7}.Debug|Any CPU.Build.0 = Debug|Any CPU
		{7BB7D233-E91A-41B9-B983-A98753D19CC7}.Release|Any CPU.ActiveCfg = Release|Any CPU
		{7BB7D233-E91A-41B9-B983-A98753D19CC7}.Release|Any CPU.Build.0 = Release|Any CPU
		{6F8F06CA-6903-429E-B1E4-DF62F8327A4D}.Debug|Any CPU.ActiveCfg = Debug|Any CPU
		{6F8F06CA-6903-429E-B1E4-DF62F8327A4D}.Debug|Any CPU.Build.0 = Debug|Any CPU
		{6F8F06CA-6903-429E-B1E4-DF62F8327A4D}.Release|Any CPU.ActiveCfg = Release|Any CPU
		{6F8F06CA-6903-429E-B1E4-DF62F8327A4D}.Release|Any CPU.Build.0 = Release|Any CPU
		{F5C8AF8D-84D0-4EA3-90E0-563E24788486}.Debug|Any CPU.ActiveCfg = Debug|Any CPU
		{F5C8AF8D-84D0-4EA3-90E0-563E24788486}.Debug|Any CPU.Build.0 = Debug|Any CPU
		{F5C8AF8D-84D0-4EA3-90E0-563E24788486}.Release|Any CPU.ActiveCfg = Release|Any CPU
		{F5C8AF8D-84D0-4EA3-90E0-563E24788486}.Release|Any CPU.Build.0 = Release|Any CPU
	EndGlobalSection
EndGlobal

